
Microsoft Visual Studio Solution File, Format Version 12.00
# Visual Studio 15
VisualStudioVersion = 15.0.27703.2047
MinimumVisualStudioVersion = 10.0.40219.1
Project("{FAE04EC0-301F-11D3-BF4B-00C04F79EFBC}") = "DirectConnect", "DirectConnect.csproj", "{1CFB288E-F3D8-4C2D-93A6-9A3F4E56DD3A}"
EndProject
Global
	GlobalSection(SolutionConfigurationPlatforms) = preSolution
		Debug|Any CPU = Debug|Any CPU
		Release|Any CPU = Release|Any CPU
	EndGlobalSection
	GlobalSection(ProjectConfigurationPlatforms) = postSolution
		{1CFB288E-F3D8-4C2D-93A6-9A3F4E56DD3A}.Debug|Any CPU.ActiveCfg = Debug|Any CPU
		{1CFB288E-F3D8-4C2D-93A6-9A3F4E56DD3A}.Debug|Any CPU.Build.0 = Debug|Any CPU
		{1CFB288E-F3D8-4C2D-93A6-9A3F4E56DD3A}.Release|Any CPU.ActiveCfg = Release|Any CPU
		{1CFB288E-F3D8-4C2D-93A6-9A3F4E56DD3A}.Release|Any CPU.Build.0 = Release|Any CPU
	EndGlobalSection
	GlobalSection(SolutionProperties) = preSolution
		HideSolutionNode = FALSE
	EndGlobalSection
	GlobalSection(ExtensibilityGlobals) = postSolution
		SolutionGuid = {1D94EF2C-73E5-4ACB-9C5D-DD5E429F1153}
	EndGlobalSection
EndGlobal
